
Microsoft Visual Studio Solution File, Format Version 12.00
# Visual Studio 15
VisualStudioVersion = 15.0.27428.2037
MinimumVisualStudioVersion = 10.0.40219.1
Project("{FAE04EC0-301F-11D3-BF4B-00C04F79EFBC}") = "Simple Cash Register Project", "Simple Cash Register Project\Simple Cash Register Project.csproj", "{D311F186-E5BD-4446-85C8-C73FB8673EA5}"
EndProject
Global
	GlobalSection(SolutionConfigurationPlatforms) = preSolution
		Debug|Any CPU = Debug|Any CPU
		Release|Any CPU = Release|Any CPU
	EndGlobalSection
	GlobalSection(ProjectConfigurationPlatforms) = postSolution
		{D311F186-E5BD-4446-85C8-C73FB8673EA5}.Debug|Any CPU.ActiveCfg = Debug|Any CPU
		{D311F186-E5BD-4446-85C8-C73FB8673EA5}.Debug|Any CPU.Build.0 = Debug|Any CPU
		{D311F186-E5BD-4446-85C8-C73FB8673EA5}.Release|Any CPU.ActiveCfg = Release|Any CPU
		{D311F186-E5BD-4446-85C8-C73FB8673EA5}.Release|Any CPU.Build.0 = Release|Any CPU
	EndGlobalSection
	GlobalSection(SolutionProperties) = preSolution
		HideSolutionNode = FALSE
	EndGlobalSection
	GlobalSection(ExtensibilityGlobals) = postSolution
		SolutionGuid = {3828AF7E-5D0E-4B8D-902B-D1C78C7D7055}
	EndGlobalSection
EndGlobal
